
Microsoft Visual Studio Solution File, Format Version 12.00
# Visual Studio 14
VisualStudioVersion = 14.0.25123.0
MinimumVisualStudioVersion = 10.0.40219.1
Project("{FAE04EC0-301F-11D3-BF4B-00C04F79EFBC}") = "lolTest", "lolTest\lolTest.csproj", "{1AA4714D-EAD2-4211-90CA-12CDC9EA98D9}"
EndProject
Project("{FAE04EC0-301F-11D3-BF4B-00C04F79EFBC}") = "lolLib", "lolLib\lolLib.csproj", "{5D11637F-67A9-4D91-AFD8-B18DB34FD596}"
EndProject
Project("{FAE04EC0-301F-11D3-BF4B-00C04F79EFBC}") = "lolUI", "lolUI\lolUI.csproj", "{23207A50-2081-4748-94EA-07FC06B1373D}"
EndProject
Project("{2150E333-8FDC-42A3-9474-1A3956D46DE8}") = "Solution Items", "Solution Items", "{B4CC54C9-ED79-444C-A94D-8FA57C1DF70E}"
	ProjectSection(SolutionItems) = preProject
		lolDB.mwb = lolDB.mwb
		readme.txt = readme.txt
		todo.txt = todo.txt
	EndProjectSection
EndProject
Global
	GlobalSection(SolutionConfigurationPlatforms) = preSolution
		Debug|Any CPU = Debug|Any CPU
		Release|Any CPU = Release|Any CPU
	EndGlobalSection
	GlobalSection(ProjectConfigurationPlatforms) = postSolution
		{1AA4714D-EAD2-4211-90CA-12CDC9EA98D9}.Debug|Any CPU.ActiveCfg = Debug|Any CPU
		{1AA4714D-EAD2-4211-90CA-12CDC9EA98D9}.Debug|Any CPU.Build.0 = Debug|Any CPU
		{1AA4714D-EAD2-4211-90CA-12CDC9EA98D9}.Release|Any CPU.ActiveCfg = Release|Any CPU
		{1AA4714D-EAD2-4211-90CA-12CDC9EA98D9}.Release|Any CPU.Build.0 = Release|Any CPU
		{5D11637F-67A9-4D91-AFD8-B18DB34FD596}.Debug|Any CPU.ActiveCfg = Debug|Any CPU
		{5D11637F-67A9-4D91-AFD8-B18DB34FD596}.Debug|Any CPU.Build.0 = Debug|Any CPU
		{5D11637F-67A9-4D91-AFD8-B18DB34FD596}.Release|Any CPU.ActiveCfg = Release|Any CPU
		{5D11637F-67A9-4D91-AFD8-B18DB34FD596}.Release|Any CPU.Build.0 = Release|Any CPU
		{23207A50-2081-4748-94EA-07FC06B1373D}.Debug|Any CPU.ActiveCfg = Debug|Any CPU
		{23207A50-2081-4748-94EA-07FC06B1373D}.Debug|Any CPU.Build.0 = Debug|Any CPU
		{23207A50-2081-4748-94EA-07FC06B1373D}.Release|Any CPU.ActiveCfg = Release|Any CPU
		{23207A50-2081-4748-94EA-07FC06B1373D}.Release|Any CPU.Build.0 = Release|Any CPU
	EndGlobalSection
	GlobalSection(SolutionProperties) = preSolution
		HideSolutionNode = FALSE
	EndGlobalSection
EndGlobal
